
Microsoft Visual Studio Solution File, Format Version 11.00
# Visual Studio 2010
Project("{FAE04EC0-301F-11D3-BF4B-00C04F79EFBC}") = "MarsRoverKata", "MarsRoverKata\MarsRoverKata.csproj", "{5BF50E27-F854-4F23-B0A0-7FBECD8C57C6}"
EndProject
Global
	GlobalSection(SolutionConfigurationPlatforms) = preSolution
		Debug|Any CPU = Debug|Any CPU
		Release|Any CPU = Release|Any CPU
	EndGlobalSection
	GlobalSection(ProjectConfigurationPlatforms) = postSolution
		{5BF50E27-F854-4F23-B0A0-7FBECD8C57C6}.Debug|Any CPU.ActiveCfg = Debug|Any CPU
		{5BF50E27-F854-4F23-B0A0-7FBECD8C57C6}.Debug|Any CPU.Build.0 = Debug|Any CPU
		{5BF50E27-F854-4F23-B0A0-7FBECD8C57C6}.Release|Any CPU.ActiveCfg = Release|Any CPU
		{5BF50E27-F854-4F23-B0A0-7FBECD8C57C6}.Release|Any CPU.Build.0 = Release|Any CPU
	EndGlobalSection
	GlobalSection(SolutionProperties) = preSolution
		HideSolutionNode = FALSE
	EndGlobalSection
EndGlobal
